
Microsoft Visual Studio Solution File, Format Version 12.00
# Visual Studio 14
VisualStudioVersion = 14.0.25123.0
MinimumVisualStudioVersion = 10.0.40219.1
Project("{2150E333-8FDC-42A3-9474-1A3956D46DE8}") = "Client", "Client", "{7C8DF8E6-0B44-4533-9C30-9970A045DE6D}"
EndProject
Project("{2150E333-8FDC-42A3-9474-1A3956D46DE8}") = "Core", "Core", "{7DA4D071-4259-489C-BAFA-465B91E46603}"
EndProject
Project("{FAE04EC0-301F-11D3-BF4B-00C04F79EFBC}") = "ITCManager.Client.Business_Client", "ITCManager.Client.Business_Client\ITCManager.Client.Business_Client.csproj", "{44139DE2-D223-46FA-B58D-7D4B38F9C1C1}"
EndProject
Project("{FAE04EC0-301F-11D3-BF4B-00C04F79EFBC}") = "ITCManager.Client.DataAccess_Client", "ITCManager.Client.DataAccess_Client\ITCManager.Client.DataAccess_Client.csproj", "{347D8EFB-ADD9-49D2-B878-EADCC1FF3CD9}"
EndProject
Project("{FAE04EC0-301F-11D3-BF4B-00C04F79EFBC}") = "ITCManager.Client.UI_Client", "ITCManager.Client.UI_Client\ITCManager.Client.UI_Client.csproj", "{7EC73A84-CF3B-49F3-B375-A7D82AEC6A6F}"
EndProject
Project("{FAE04EC0-301F-11D3-BF4B-00C04F79EFBC}") = "ITCManager.Core.Business", "ITCManager.Core.Business\ITCManager.Core.Business.csproj", "{AD22B7DF-4572-4FC3-8156-C20FDDFDB39F}"
EndProject
Project("{FAE04EC0-301F-11D3-BF4B-00C04F79EFBC}") = "ITCManager.Core.DataAccess", "ITCManager.Core.DataAccess\ITCManager.Core.DataAccess.csproj", "{EE1DEB17-18C5-4FFC-A6DE-82BD0BB2FB21}"
	ProjectSection(ProjectDependencies) = postProject
		{C495EBB2-39FF-45DB-821E-CC578E91AE89} = {C495EBB2-39FF-45DB-821E-CC578E91AE89}
	EndProjectSection
EndProject
Project("{FAE04EC0-301F-11D3-BF4B-00C04F79EFBC}") = "ITCManager.Core.Entities", "ITCManager.Core.Entities\ITCManager.Core.Entities.csproj", "{C495EBB2-39FF-45DB-821E-CC578E91AE89}"
EndProject
Project("{FAE04EC0-301F-11D3-BF4B-00C04F79EFBC}") = "ITCManager.Core.UI", "ITCManager.Core.UI\ITCManager.Core.UI.csproj", "{C6D20198-1F3C-4AED-B71C-BE3CA783A323}"
EndProject
Project("{FAE04EC0-301F-11D3-BF4B-00C04F79EFBC}") = "ITCManager.Core.Portal", "ITCManager.Core.Portal\ITCManager.Core.Portal.csproj", "{E0CA0BE7-C17C-4C93-BAF2-412F8220DF29}"
EndProject
Project("{FAE04EC0-301F-11D3-BF4B-00C04F79EFBC}") = "ITCManager.Client.Entities_Client", "ITCManager.Client.Entities_Client\ITCManager.Client.Entities_Client.csproj", "{973A863B-D7BE-4473-94FD-130CC78B1A65}"
EndProject
Project("{FAE04EC0-301F-11D3-BF4B-00C04F79EFBC}") = "ITCManager.Core.Services", "ITCManager.Core.Services\ITCManager.Core.Services.csproj", "{0FA52151-EE56-44BC-8ECD-0AD2663B769B}"
EndProject
Global
	GlobalSection(SolutionConfigurationPlatforms) = preSolution
		Debug|Any CPU = Debug|Any CPU
		Release|Any CPU = Release|Any CPU
	EndGlobalSection
	GlobalSection(ProjectConfigurationPlatforms) = postSolution
		{44139DE2-D223-46FA-B58D-7D4B38F9C1C1}.Debug|Any CPU.ActiveCfg = Debug|Any CPU
		{44139DE2-D223-46FA-B58D-7D4B38F9C1C1}.Debug|Any CPU.Build.0 = Debug|Any CPU
		{44139DE2-D223-46FA-B58D-7D4B38F9C1C1}.Release|Any CPU.ActiveCfg = Release|Any CPU
		{44139DE2-D223-46FA-B58D-7D4B38F9C1C1}.Release|Any CPU.Build.0 = Release|Any CPU
		{347D8EFB-ADD9-49D2-B878-EADCC1FF3CD9}.Debug|Any CPU.ActiveCfg = Debug|Any CPU
		{347D8EFB-ADD9-49D2-B878-EADCC1FF3CD9}.Debug|Any CPU.Build.0 = Debug|Any CPU
		{347D8EFB-ADD9-49D2-B878-EADCC1FF3CD9}.Release|Any CPU.ActiveCfg = Release|Any CPU
		{347D8EFB-ADD9-49D2-B878-EADCC1FF3CD9}.Release|Any CPU.Build.0 = Release|Any CPU
		{7EC73A84-CF3B-49F3-B375-A7D82AEC6A6F}.Debug|Any CPU.ActiveCfg = Debug|Any CPU
		{7EC73A84-CF3B-49F3-B375-A7D82AEC6A6F}.Debug|Any CPU.Build.0 = Debug|Any CPU
		{7EC73A84-CF3B-49F3-B375-A7D82AEC6A6F}.Release|Any CPU.ActiveCfg = Release|Any CPU
		{7EC73A84-CF3B-49F3-B375-A7D82AEC6A6F}.Release|Any CPU.Build.0 = Release|Any CPU
		{AD22B7DF-4572-4FC3-8156-C20FDDFDB39F}.Debug|Any CPU.ActiveCfg = Debug|Any CPU
		{AD22B7DF-4572-4FC3-8156-C20FDDFDB39F}.Debug|Any CPU.Build.0 = Debug|Any CPU
		{AD22B7DF-4572-4FC3-8156-C20FDDFDB39F}.Release|Any CPU.ActiveCfg = Release|Any CPU
		{AD22B7DF-4572-4FC3-8156-C20FDDFDB39F}.Release|Any CPU.Build.0 = Release|Any CPU
		{EE1DEB17-18C5-4FFC-A6DE-82BD0BB2FB21}.Debug|Any CPU.ActiveCfg = Debug|Any CPU
		{EE1DEB17-18C5-4FFC-A6DE-82BD0BB2FB21}.Debug|Any CPU.Build.0 = Debug|Any CPU
		{EE1DEB17-18C5-4FFC-A6DE-82BD0BB2FB21}.Release|Any CPU.ActiveCfg = Release|Any CPU
		{EE1DEB17-18C5-4FFC-A6DE-82BD0BB2FB21}.Release|Any CPU.Build.0 = Release|Any CPU
		{C495EBB2-39FF-45DB-821E-CC578E91AE89}.Debug|Any CPU.ActiveCfg = Debug|Any CPU
		{C495EBB2-39FF-45DB-821E-CC578E91AE89}.Debug|Any CPU.Build.0 = Debug|Any CPU
		{C495EBB2-39FF-45DB-821E-CC578E91AE89}.Release|Any CPU.ActiveCfg = Release|Any CPU
		{C495EBB2-39FF-45DB-821E-CC578E91AE89}.Release|Any CPU.Build.0 = Release|Any CPU
		{C6D20198-1F3C-4AED-B71C-BE3CA783A323}.Debug|Any CPU.ActiveCfg = Debug|Any CPU
		{C6D20198-1F3C-4AED-B71C-BE3CA783A323}.Debug|Any CPU.Build.0 = Debug|Any CPU
		{C6D20198-1F3C-4AED-B71C-BE3CA783A323}.Release|Any CPU.ActiveCfg = Release|Any CPU
		{C6D20198-1F3C-4AED-B71C-BE3CA783A323}.Release|Any CPU.Build.0 = Release|Any CPU
		{E0CA0BE7-C17C-4C93-BAF2-412F8220DF29}.Debug|Any CPU.ActiveCfg = Debug|Any CPU
		{E0CA0BE7-C17C-4C93-BAF2-412F8220DF29}.Debug|Any CPU.Build.0 = Debug|Any CPU
		{E0CA0BE7-C17C-4C93-BAF2-412F8220DF29}.Release|Any CPU.ActiveCfg = Release|Any CPU
		{E0CA0BE7-C17C-4C93-BAF2-412F8220DF29}.Release|Any CPU.Build.0 = Release|Any CPU
		{973A863B-D7BE-4473-94FD-130CC78B1A65}.Debug|Any CPU.ActiveCfg = Debug|Any CPU
		{973A863B-D7BE-4473-94FD-130CC78B1A65}.Debug|Any CPU.Build.0 = Debug|Any CPU
		{973A863B-D7BE-4473-94FD-130CC78B1A65}.Release|Any CPU.ActiveCfg = Release|Any CPU
		{973A863B-D7BE-4473-94FD-130CC78B1A65}.Release|Any CPU.Build.0 = Release|Any CPU
		{0FA52151-EE56-44BC-8ECD-0AD2663B769B}.Debug|Any CPU.ActiveCfg = Debug|Any CPU
		{0FA52151-EE56-44BC-8ECD-0AD2663B769B}.Debug|Any CPU.Build.0 = Debug|Any CPU
		{0FA52151-EE56-44BC-8ECD-0AD2663B769B}.Release|Any CPU.ActiveCfg = Release|Any CPU
		{0FA52151-EE56-44BC-8ECD-0AD2663B769B}.Release|Any CPU.Build.0 = Release|Any CPU
	EndGlobalSection
	GlobalSection(SolutionProperties) = preSolution
		HideSolutionNode = FALSE
	EndGlobalSection
	GlobalSection(NestedProjects) = preSolution
		{44139DE2-D223-46FA-B58D-7D4B38F9C1C1} = {7C8DF8E6-0B44-4533-9C30-9970A045DE6D}
		{347D8EFB-ADD9-49D2-B878-EADCC1FF3CD9} = {7C8DF8E6-0B44-4533-9C30-9970A045DE6D}
		{7EC73A84-CF3B-49F3-B375-A7D82AEC6A6F} = {7C8DF8E6-0B44-4533-9C30-9970A045DE6D}
		{AD22B7DF-4572-4FC3-8156-C20FDDFDB39F} = {7DA4D071-4259-489C-BAFA-465B91E46603}
		{EE1DEB17-18C5-4FFC-A6DE-82BD0BB2FB21} = {7DA4D071-4259-489C-BAFA-465B91E46603}
		{C495EBB2-39FF-45DB-821E-CC578E91AE89} = {7DA4D071-4259-489C-BAFA-465B91E46603}
		{C6D20198-1F3C-4AED-B71C-BE3CA783A323} = {7DA4D071-4259-489C-BAFA-465B91E46603}
		{E0CA0BE7-C17C-4C93-BAF2-412F8220DF29} = {7DA4D071-4259-489C-BAFA-465B91E46603}
		{973A863B-D7BE-4473-94FD-130CC78B1A65} = {7C8DF8E6-0B44-4533-9C30-9970A045DE6D}
		{0FA52151-EE56-44BC-8ECD-0AD2663B769B} = {7DA4D071-4259-489C-BAFA-465B91E46603}
	EndGlobalSection
EndGlobal
