
Microsoft Visual Studio Solution File, Format Version 12.00
# Visual Studio 14
VisualStudioVersion = 14.0.23107.0
MinimumVisualStudioVersion = 10.0.40219.1
Project("{FAE04EC0-301F-11D3-BF4B-00C04F79EFBC}") = "Services", "Services\Services.csproj", "{81AB4D9E-9740-4DFC-A061-786F78D6B894}"
EndProject
Project("{2150E333-8FDC-42A3-9474-1A3956D46DE8}") = "Client", "Client", "{7C8DF8E6-0B44-4533-9C30-9970A045DE6D}"
EndProject
Project("{FAE04EC0-301F-11D3-BF4B-00C04F79EFBC}") = "Business", "Business\Business.csproj", "{AD22B7DF-4572-4FC3-8156-C20FDDFDB39F}"
EndProject
Project("{FAE04EC0-301F-11D3-BF4B-00C04F79EFBC}") = "UI_Client", "UI_Client\UI_Client.csproj", "{7EC73A84-CF3B-49F3-B375-A7D82AEC6A6F}"
EndProject
Project("{FAE04EC0-301F-11D3-BF4B-00C04F79EFBC}") = "Business_Client", "Business_Client\Business_Client.csproj", "{44139DE2-D223-46FA-B58D-7D4B38F9C1C1}"
EndProject
Project("{2150E333-8FDC-42A3-9474-1A3956D46DE8}") = "Core", "Core", "{7DA4D071-4259-489C-BAFA-465B91E46603}"
EndProject
Project("{FAE04EC0-301F-11D3-BF4B-00C04F79EFBC}") = "DataAccess_Client", "DataAccess_Client\DataAccess_Client.csproj", "{347D8EFB-ADD9-49D2-B878-EADCC1FF3CD9}"
EndProject
Project("{FAE04EC0-301F-11D3-BF4B-00C04F79EFBC}") = "Services_Client", "Services_Client\Services_Client.csproj", "{117407BF-40A9-4A0E-AA4E-58D74F3259ED}"
EndProject
Project("{FAE04EC0-301F-11D3-BF4B-00C04F79EFBC}") = "Portal", "Portal\Portal.csproj", "{C1B2AA2B-1E9C-4B34-931E-FE2F6F1CF5C7}"
EndProject
Project("{FAE04EC0-301F-11D3-BF4B-00C04F79EFBC}") = "DataAccess", "DataAccess\DataAccess.csproj", "{EE1DEB17-18C5-4FFC-A6DE-82BD0BB2FB21}"
EndProject
Project("{FAE04EC0-301F-11D3-BF4B-00C04F79EFBC}") = "Entities", "Entities\Entities.csproj", "{C495EBB2-39FF-45DB-821E-CC578E91AE89}"
EndProject
Global
	GlobalSection(SolutionConfigurationPlatforms) = preSolution
		Debug|Any CPU = Debug|Any CPU
		Release|Any CPU = Release|Any CPU
	EndGlobalSection
	GlobalSection(ProjectConfigurationPlatforms) = postSolution
		{81AB4D9E-9740-4DFC-A061-786F78D6B894}.Debug|Any CPU.ActiveCfg = Debug|Any CPU
		{81AB4D9E-9740-4DFC-A061-786F78D6B894}.Debug|Any CPU.Build.0 = Debug|Any CPU
		{81AB4D9E-9740-4DFC-A061-786F78D6B894}.Release|Any CPU.ActiveCfg = Release|Any CPU
		{81AB4D9E-9740-4DFC-A061-786F78D6B894}.Release|Any CPU.Build.0 = Release|Any CPU
		{AD22B7DF-4572-4FC3-8156-C20FDDFDB39F}.Debug|Any CPU.ActiveCfg = Debug|Any CPU
		{AD22B7DF-4572-4FC3-8156-C20FDDFDB39F}.Debug|Any CPU.Build.0 = Debug|Any CPU
		{AD22B7DF-4572-4FC3-8156-C20FDDFDB39F}.Release|Any CPU.ActiveCfg = Release|Any CPU
		{AD22B7DF-4572-4FC3-8156-C20FDDFDB39F}.Release|Any CPU.Build.0 = Release|Any CPU
		{7EC73A84-CF3B-49F3-B375-A7D82AEC6A6F}.Debug|Any CPU.ActiveCfg = Debug|Any CPU
		{7EC73A84-CF3B-49F3-B375-A7D82AEC6A6F}.Debug|Any CPU.Build.0 = Debug|Any CPU
		{7EC73A84-CF3B-49F3-B375-A7D82AEC6A6F}.Release|Any CPU.ActiveCfg = Release|Any CPU
		{7EC73A84-CF3B-49F3-B375-A7D82AEC6A6F}.Release|Any CPU.Build.0 = Release|Any CPU
		{44139DE2-D223-46FA-B58D-7D4B38F9C1C1}.Debug|Any CPU.ActiveCfg = Debug|Any CPU
		{44139DE2-D223-46FA-B58D-7D4B38F9C1C1}.Debug|Any CPU.Build.0 = Debug|Any CPU
		{44139DE2-D223-46FA-B58D-7D4B38F9C1C1}.Release|Any CPU.ActiveCfg = Release|Any CPU
		{44139DE2-D223-46FA-B58D-7D4B38F9C1C1}.Release|Any CPU.Build.0 = Release|Any CPU
		{347D8EFB-ADD9-49D2-B878-EADCC1FF3CD9}.Debug|Any CPU.ActiveCfg = Debug|Any CPU
		{347D8EFB-ADD9-49D2-B878-EADCC1FF3CD9}.Debug|Any CPU.Build.0 = Debug|Any CPU
		{347D8EFB-ADD9-49D2-B878-EADCC1FF3CD9}.Release|Any CPU.ActiveCfg = Release|Any CPU
		{347D8EFB-ADD9-49D2-B878-EADCC1FF3CD9}.Release|Any CPU.Build.0 = Release|Any CPU
		{117407BF-40A9-4A0E-AA4E-58D74F3259ED}.Debug|Any CPU.ActiveCfg = Debug|Any CPU
		{117407BF-40A9-4A0E-AA4E-58D74F3259ED}.Debug|Any CPU.Build.0 = Debug|Any CPU
		{117407BF-40A9-4A0E-AA4E-58D74F3259ED}.Release|Any CPU.ActiveCfg = Release|Any CPU
		{117407BF-40A9-4A0E-AA4E-58D74F3259ED}.Release|Any CPU.Build.0 = Release|Any CPU
		{C1B2AA2B-1E9C-4B34-931E-FE2F6F1CF5C7}.Debug|Any CPU.ActiveCfg = Debug|Any CPU
		{C1B2AA2B-1E9C-4B34-931E-FE2F6F1CF5C7}.Debug|Any CPU.Build.0 = Debug|Any CPU
		{C1B2AA2B-1E9C-4B34-931E-FE2F6F1CF5C7}.Release|Any CPU.ActiveCfg = Release|Any CPU
		{C1B2AA2B-1E9C-4B34-931E-FE2F6F1CF5C7}.Release|Any CPU.Build.0 = Release|Any CPU
		{EE1DEB17-18C5-4FFC-A6DE-82BD0BB2FB21}.Debug|Any CPU.ActiveCfg = Debug|Any CPU
		{EE1DEB17-18C5-4FFC-A6DE-82BD0BB2FB21}.Debug|Any CPU.Build.0 = Debug|Any CPU
		{EE1DEB17-18C5-4FFC-A6DE-82BD0BB2FB21}.Release|Any CPU.ActiveCfg = Release|Any CPU
		{EE1DEB17-18C5-4FFC-A6DE-82BD0BB2FB21}.Release|Any CPU.Build.0 = Release|Any CPU
		{C495EBB2-39FF-45DB-821E-CC578E91AE89}.Debug|Any CPU.ActiveCfg = Debug|Any CPU
		{C495EBB2-39FF-45DB-821E-CC578E91AE89}.Debug|Any CPU.Build.0 = Debug|Any CPU
		{C495EBB2-39FF-45DB-821E-CC578E91AE89}.Release|Any CPU.ActiveCfg = Release|Any CPU
		{C495EBB2-39FF-45DB-821E-CC578E91AE89}.Release|Any CPU.Build.0 = Release|Any CPU
	EndGlobalSection
	GlobalSection(SolutionProperties) = preSolution
		HideSolutionNode = FALSE
	EndGlobalSection
	GlobalSection(NestedProjects) = preSolution
		{81AB4D9E-9740-4DFC-A061-786F78D6B894} = {7DA4D071-4259-489C-BAFA-465B91E46603}
		{AD22B7DF-4572-4FC3-8156-C20FDDFDB39F} = {7DA4D071-4259-489C-BAFA-465B91E46603}
		{7EC73A84-CF3B-49F3-B375-A7D82AEC6A6F} = {7C8DF8E6-0B44-4533-9C30-9970A045DE6D}
		{44139DE2-D223-46FA-B58D-7D4B38F9C1C1} = {7C8DF8E6-0B44-4533-9C30-9970A045DE6D}
		{347D8EFB-ADD9-49D2-B878-EADCC1FF3CD9} = {7C8DF8E6-0B44-4533-9C30-9970A045DE6D}
		{117407BF-40A9-4A0E-AA4E-58D74F3259ED} = {7C8DF8E6-0B44-4533-9C30-9970A045DE6D}
		{C1B2AA2B-1E9C-4B34-931E-FE2F6F1CF5C7} = {7DA4D071-4259-489C-BAFA-465B91E46603}
		{EE1DEB17-18C5-4FFC-A6DE-82BD0BB2FB21} = {7DA4D071-4259-489C-BAFA-465B91E46603}
		{C495EBB2-39FF-45DB-821E-CC578E91AE89} = {7DA4D071-4259-489C-BAFA-465B91E46603}
	EndGlobalSection
EndGlobal
